
Microsoft Visual Studio Solution File, Format Version 12.00
# Visual Studio Version 16
VisualStudioVersion = 16.0.31321.278
MinimumVisualStudioVersion = 10.0.40219.1
Project("{FAE04EC0-301F-11D3-BF4B-00C04F79EFBC}") = "work2.2", "work2.2\work2.2.csproj", "{FD84B85B-67C6-44CC-B5BF-006D75236E3E}"
EndProject
Global
	GlobalSection(SolutionConfigurationPlatforms) = preSolution
		Debug|Any CPU = Debug|Any CPU
		Release|Any CPU = Release|Any CPU
	EndGlobalSection
	GlobalSection(ProjectConfigurationPlatforms) = postSolution
		{FD84B85B-67C6-44CC-B5BF-006D75236E3E}.Debug|Any CPU.ActiveCfg = Debug|Any CPU
		{FD84B85B-67C6-44CC-B5BF-006D75236E3E}.Debug|Any CPU.Build.0 = Debug|Any CPU
		{FD84B85B-67C6-44CC-B5BF-006D75236E3E}.Release|Any CPU.ActiveCfg = Release|Any CPU
		{FD84B85B-67C6-44CC-B5BF-006D75236E3E}.Release|Any CPU.Build.0 = Release|Any CPU
	EndGlobalSection
	GlobalSection(SolutionProperties) = preSolution
		HideSolutionNode = FALSE
	EndGlobalSection
	GlobalSection(ExtensibilityGlobals) = postSolution
		SolutionGuid = {252A1B7A-B100-482B-98E2-B7023336DDC1}
	EndGlobalSection
EndGlobal
